// !$*UTF8*$!
{
	archiveVersion = 1;
	classes = {
	};
	objectVersion = 46;
	objects = {

/* Begin PBXBuildFile section */
		0F90574D1EADAA39006A77C6 /* 薛之谦 - 演员.mp3 in Resources */ = {isa = PBXBuildFile; fileRef = 0F90574C1EADAA39006A77C6 /* 薛之谦 - 演员.mp3 */; };
		0F90574F1EADAA95006A77C6 /* AVFoundation.framework in Frameworks */ = {isa = PBXBuildFile; fileRef = 0F90574E1EADAA95006A77C6 /* AVFoundation.framework */; };
		0F9057551EADCD47006A77C6 /* UIView+UIViewController.m in Sources */ = {isa = PBXBuildFile; fileRef = 0F9057521EADCD47006A77C6 /* UIView+UIViewController.m */; };
		0F9057561EADCD47006A77C6 /* UIViewExt.m in Sources */ = {isa = PBXBuildFile; fileRef = 0F9057541EADCD47006A77C6 /* UIViewExt.m */; };
		0FD789701EAAF87900574E64 /* Info.plist in Resources */ = {isa = PBXBuildFile; fileRef = 0FD7896D1EAAF87900574E64 /* Info.plist */; };
		0FD789711EAAF87900574E64 /* Launch Screen.storyboard in Resources */ = {isa = PBXBuildFile; fileRef = 0FD7896E1EAAF87900574E64 /* Launch Screen.storyboard */; };
		0FD789761EAAF95600574E64 /* main.m in Sources */ = {isa = PBXBuildFile; fileRef = 0FE3407E1EA9A08D00122055 /* main.m */; };
		0FD7897F1EAAFA9800574E64 /* ImageSets.xcassets in Resources */ = {isa = PBXBuildFile; fileRef = 0FD7897E1EAAFA9800574E64 /* ImageSets.xcassets */; };
		0FD789871EAAFDE300574E64 /* CXCuckooHomeViewController.m in Sources */ = {isa = PBXBuildFile; fileRef = 0FD789861EAAFDE300574E64 /* CXCuckooHomeViewController.m */; };
		0FD7898A1EAAFE2A00574E64 /* CXCuckoNavigtionController.m in Sources */ = {isa = PBXBuildFile; fileRef = 0FD789891EAAFE2A00574E64 /* CXCuckoNavigtionController.m */; };
		0FD7898D1EAB052800574E64 /* CXTimeActionView.m in Sources */ = {isa = PBXBuildFile; fileRef = 0FD7898C1EAB052800574E64 /* CXTimeActionView.m */; };
		0FE340981EA9A08D00122055 /* ZhengDemoTests.m in Sources */ = {isa = PBXBuildFile; fileRef = 0FE340971EA9A08D00122055 /* ZhengDemoTests.m */; };
		0FE340A31EA9A08D00122055 /* ZhengDemoUITests.m in Sources */ = {isa = PBXBuildFile; fileRef = 0FE340A21EA9A08D00122055 /* ZhengDemoUITests.m */; };
		0FE340B31EA9A1D900122055 /* CXAppDelegate.m in Sources */ = {isa = PBXBuildFile; fileRef = 0FE340B21EA9A1D900122055 /* CXAppDelegate.m */; };
		0FE340BF1EA9A84000122055 /* CXMainTabBarController.m in Sources */ = {isa = PBXBuildFile; fileRef = 0FE340BE1EA9A84000122055 /* CXMainTabBarController.m */; };
		0FE340D01EA9BC8B00122055 /* NSString+Extent.m in Sources */ = {isa = PBXBuildFile; fileRef = 0FE340CB1EA9BC8B00122055 /* NSString+Extent.m */; };
		0FE340D11EA9BC8B00122055 /* UIView+RMAdditions.m in Sources */ = {isa = PBXBuildFile; fileRef = 0FE340CD1EA9BC8B00122055 /* UIView+RMAdditions.m */; };
		0FE340D21EA9BC8B00122055 /* UIViewController+YCCommon.m in Sources */ = {isa = PBXBuildFile; fileRef = 0FE340CF1EA9BC8B00122055 /* UIViewController+YCCommon.m */; };
		0FE340D51EA9C91D00122055 /* CXBaseViewController.m in Sources */ = {isa = PBXBuildFile; fileRef = 0FE340D41EA9C91D00122055 /* CXBaseViewController.m */; };
		0FE340D71EA9D3BE00122055 /* UIKit.framework in Frameworks */ = {isa = PBXBuildFile; fileRef = 0FE340D61EA9D3BE00122055 /* UIKit.framework */; };
		0FE340DF1EA9DC4400122055 /* CXLeftSlidingViewController.m in Sources */ = {isa = PBXBuildFile; fileRef = 0FE340DE1EA9DC4400122055 /* CXLeftSlidingViewController.m */; };
		0FE340E71EA9FA9000122055 /* CXRevealViewController.m in Sources */ = {isa = PBXBuildFile; fileRef = 0FE340E61EA9FA9000122055 /* CXRevealViewController.m */; };
		0FE341571EAA0DD100122055 /* CXBaseTableViewController.m in Sources */ = {isa = PBXBuildFile; fileRef = 0FE341561EAA0DD100122055 /* CXBaseTableViewController.m */; };
		37FB54BE81F6DC7269F5B124 /* libPods-ZhengDemo.a in Frameworks */ = {isa = PBXBuildFile; fileRef = B3FF6459E8CDE79DCAA45794 /* libPods-ZhengDemo.a */; };
/* End PBXBuildFile section */

/* Begin PBXContainerItemProxy section */
		0FE340941EA9A08D00122055 /* PBXContainerItemProxy */ = {
			isa = PBXContainerItemProxy;
			containerPortal = 0FE340721EA9A08D00122055 /* Project object */;
			proxyType = 1;
			remoteGlobalIDString = 0FE340791EA9A08D00122055;
			remoteInfo = ZhengDemo;
		};
		0FE3409F1EA9A08D00122055 /* PBXContainerItemProxy */ = {
			isa = PBXContainerItemProxy;
			containerPortal = 0FE340721EA9A08D00122055 /* Project object */;
			proxyType = 1;
			remoteGlobalIDString = 0FE340791EA9A08D00122055;
			remoteInfo = ZhengDemo;
		};
/* End PBXContainerItemProxy section */

/* Begin PBXFileReference section */
		0F90574C1EADAA39006A77C6 /* 薛之谦 - 演员.mp3 */ = {isa = PBXFileReference; lastKnownFileType = audio.mp3; path = "薛之谦 - 演员.mp3"; sourceTree = "<group>"; };
		0F90574E1EADAA95006A77C6 /* AVFoundation.framework */ = {isa = PBXFileReference; lastKnownFileType = wrapper.framework; name = AVFoundation.framework; path = System/Library/Frameworks/AVFoundation.framework; sourceTree = SDKROOT; };
		0F9057511EADCD47006A77C6 /* UIView+UIViewController.h */ = {isa = PBXFileReference; fileEncoding = 4; lastKnownFileType = sourcecode.c.h; path = "UIView+UIViewController.h"; sourceTree = "<group>"; };
		0F9057521EADCD47006A77C6 /* UIView+UIViewController.m */ = {isa = PBXFileReference; fileEncoding = 4; lastKnownFileType = sourcecode.c.objc; path = "UIView+UIViewController.m"; sourceTree = "<group>"; };
		0F9057531EADCD47006A77C6 /* UIViewExt.h */ = {isa = PBXFileReference; fileEncoding = 4; lastKnownFileType = sourcecode.c.h; path = UIViewExt.h; sourceTree = "<group>"; };
		0F9057541EADCD47006A77C6 /* UIViewExt.m */ = {isa = PBXFileReference; fileEncoding = 4; lastKnownFileType = sourcecode.c.objc; path = UIViewExt.m; sourceTree = "<group>"; };
		0FD7896C1EAAF87900574E64 /* Constant.h */ = {isa = PBXFileReference; fileEncoding = 4; lastKnownFileType = sourcecode.c.h; path = Constant.h; sourceTree = "<group>"; };
		0FD7896D1EAAF87900574E64 /* Info.plist */ = {isa = PBXFileReference; fileEncoding = 4; lastKnownFileType = text.plist.xml; path = Info.plist; sourceTree = "<group>"; };
		0FD7896E1EAAF87900574E64 /* Launch Screen.storyboard */ = {isa = PBXFileReference; fileEncoding = 4; lastKnownFileType = file.storyboard; path = "Launch Screen.storyboard"; sourceTree = "<group>"; };
		0FD7896F1EAAF87900574E64 /* ZhengDemo.pch */ = {isa = PBXFileReference; fileEncoding = 4; lastKnownFileType = sourcecode.c.h; path = ZhengDemo.pch; sourceTree = "<group>"; };
		0FD7897E1EAAFA9800574E64 /* ImageSets.xcassets */ = {isa = PBXFileReference; lastKnownFileType = folder.assetcatalog; path = ImageSets.xcassets; sourceTree = "<group>"; };
		0FD789851EAAFDE300574E64 /* CXCuckooHomeViewController.h */ = {isa = PBXFileReference; fileEncoding = 4; lastKnownFileType = sourcecode.c.h; name = CXCuckooHomeViewController.h; path = ZhengDemo/LeftSliding/Cuckoo/Home/Controller/CXCuckooHomeViewController.h; sourceTree = SOURCE_ROOT; };
		0FD789861EAAFDE300574E64 /* CXCuckooHomeViewController.m */ = {isa = PBXFileReference; fileEncoding = 4; lastKnownFileType = sourcecode.c.objc; name = CXCuckooHomeViewController.m; path = ZhengDemo/LeftSliding/Cuckoo/Home/Controller/CXCuckooHomeViewController.m; sourceTree = SOURCE_ROOT; };
		0FD789881EAAFE2A00574E64 /* CXCuckoNavigtionController.h */ = {isa = PBXFileReference; fileEncoding = 4; lastKnownFileType = sourcecode.c.h; name = CXCuckoNavigtionController.h; path = ZhengDemo/LeftSliding/Cuckoo/Home/Controller/CXCuckoNavigtionController.h; sourceTree = SOURCE_ROOT; };
		0FD789891EAAFE2A00574E64 /* CXCuckoNavigtionController.m */ = {isa = PBXFileReference; fileEncoding = 4; lastKnownFileType = sourcecode.c.objc; name = CXCuckoNavigtionController.m; path = ZhengDemo/LeftSliding/Cuckoo/Home/Controller/CXCuckoNavigtionController.m; sourceTree = SOURCE_ROOT; };
		0FD7898B1EAB052800574E64 /* CXTimeActionView.h */ = {isa = PBXFileReference; fileEncoding = 4; lastKnownFileType = sourcecode.c.h; name = CXTimeActionView.h; path = ZhengDemo/LeftSliding/Cuckoo/Home/View/CXTimeActionView.h; sourceTree = SOURCE_ROOT; };
		0FD7898C1EAB052800574E64 /* CXTimeActionView.m */ = {isa = PBXFileReference; fileEncoding = 4; lastKnownFileType = sourcecode.c.objc; name = CXTimeActionView.m; path = ZhengDemo/LeftSliding/Cuckoo/Home/View/CXTimeActionView.m; sourceTree = SOURCE_ROOT; };
		0FE3407A1EA9A08D00122055 /* ZhengDemo.app */ = {isa = PBXFileReference; explicitFileType = wrapper.application; includeInIndex = 0; path = ZhengDemo.app; sourceTree = BUILT_PRODUCTS_DIR; };
		0FE3407E1EA9A08D00122055 /* main.m */ = {isa = PBXFileReference; lastKnownFileType = sourcecode.c.objc; path = main.m; sourceTree = "<group>"; };
		0FE340931EA9A08D00122055 /* ZhengDemoTests.xctest */ = {isa = PBXFileReference; explicitFileType = wrapper.cfbundle; includeInIndex = 0; path = ZhengDemoTests.xctest; sourceTree = BUILT_PRODUCTS_DIR; };
		0FE340971EA9A08D00122055 /* ZhengDemoTests.m */ = {isa = PBXFileReference; lastKnownFileType = sourcecode.c.objc; path = ZhengDemoTests.m; sourceTree = "<group>"; };
		0FE340991EA9A08D00122055 /* Info.plist */ = {isa = PBXFileReference; lastKnownFileType = text.plist.xml; path = Info.plist; sourceTree = "<group>"; };
		0FE3409E1EA9A08D00122055 /* ZhengDemoUITests.xctest */ = {isa = PBXFileReference; explicitFileType = wrapper.cfbundle; includeInIndex = 0; path = ZhengDemoUITests.xctest; sourceTree = BUILT_PRODUCTS_DIR; };
		0FE340A21EA9A08D00122055 /* ZhengDemoUITests.m */ = {isa = PBXFileReference; lastKnownFileType = sourcecode.c.objc; path = ZhengDemoUITests.m; sourceTree = "<group>"; };
		0FE340A41EA9A08D00122055 /* Info.plist */ = {isa = PBXFileReference; lastKnownFileType = text.plist.xml; path = Info.plist; sourceTree = "<group>"; };
		0FE340B11EA9A1D900122055 /* CXAppDelegate.h */ = {isa = PBXFileReference; fileEncoding = 4; lastKnownFileType = sourcecode.c.h; path = CXAppDelegate.h; sourceTree = "<group>"; };
		0FE340B21EA9A1D900122055 /* CXAppDelegate.m */ = {isa = PBXFileReference; fileEncoding = 4; lastKnownFileType = sourcecode.c.objc; path = CXAppDelegate.m; sourceTree = "<group>"; };
		0FE340BD1EA9A84000122055 /* CXMainTabBarController.h */ = {isa = PBXFileReference; fileEncoding = 4; lastKnownFileType = sourcecode.c.h; path = CXMainTabBarController.h; sourceTree = "<group>"; };
		0FE340BE1EA9A84000122055 /* CXMainTabBarController.m */ = {isa = PBXFileReference; fileEncoding = 4; lastKnownFileType = sourcecode.c.objc; path = CXMainTabBarController.m; sourceTree = "<group>"; };
		0FE340CA1EA9BC8B00122055 /* NSString+Extent.h */ = {isa = PBXFileReference; fileEncoding = 4; lastKnownFileType = sourcecode.c.h; path = "NSString+Extent.h"; sourceTree = "<group>"; };
		0FE340CB1EA9BC8B00122055 /* NSString+Extent.m */ = {isa = PBXFileReference; fileEncoding = 4; lastKnownFileType = sourcecode.c.objc; path = "NSString+Extent.m"; sourceTree = "<group>"; };
		0FE340CC1EA9BC8B00122055 /* UIView+RMAdditions.h */ = {isa = PBXFileReference; fileEncoding = 4; lastKnownFileType = sourcecode.c.h; path = "UIView+RMAdditions.h"; sourceTree = "<group>"; };
		0FE340CD1EA9BC8B00122055 /* UIView+RMAdditions.m */ = {isa = PBXFileReference; fileEncoding = 4; lastKnownFileType = sourcecode.c.objc; path = "UIView+RMAdditions.m"; sourceTree = "<group>"; };
		0FE340CE1EA9BC8B00122055 /* UIViewController+YCCommon.h */ = {isa = PBXFileReference; fileEncoding = 4; lastKnownFileType = sourcecode.c.h; path = "UIViewController+YCCommon.h"; sourceTree = "<group>"; };
		0FE340CF1EA9BC8B00122055 /* UIViewController+YCCommon.m */ = {isa = PBXFileReference; fileEncoding = 4; lastKnownFileType = sourcecode.c.objc; path = "UIViewController+YCCommon.m"; sourceTree = "<group>"; };
		0FE340D31EA9C91D00122055 /* CXBaseViewController.h */ = {isa = PBXFileReference; fileEncoding = 4; lastKnownFileType = sourcecode.c.h; path = CXBaseViewController.h; sourceTree = "<group>"; };
		0FE340D41EA9C91D00122055 /* CXBaseViewController.m */ = {isa = PBXFileReference; fileEncoding = 4; lastKnownFileType = sourcecode.c.objc; path = CXBaseViewController.m; sourceTree = "<group>"; };
		0FE340D61EA9D3BE00122055 /* UIKit.framework */ = {isa = PBXFileReference; lastKnownFileType = wrapper.framework; name = UIKit.framework; path = System/Library/Frameworks/UIKit.framework; sourceTree = SDKROOT; };
		0FE340DD1EA9DC4400122055 /* CXLeftSlidingViewController.h */ = {isa = PBXFileReference; fileEncoding = 4; lastKnownFileType = sourcecode.c.h; path = CXLeftSlidingViewController.h; sourceTree = "<group>"; };
		0FE340DE1EA9DC4400122055 /* CXLeftSlidingViewController.m */ = {isa = PBXFileReference; fileEncoding = 4; lastKnownFileType = sourcecode.c.objc; path = CXLeftSlidingViewController.m; sourceTree = "<group>"; };
		0FE340E51EA9FA9000122055 /* CXRevealViewController.h */ = {isa = PBXFileReference; fileEncoding = 4; lastKnownFileType = sourcecode.c.h; path = CXRevealViewController.h; sourceTree = "<group>"; };
		0FE340E61EA9FA9000122055 /* CXRevealViewController.m */ = {isa = PBXFileReference; fileEncoding = 4; lastKnownFileType = sourcecode.c.objc; path = CXRevealViewController.m; sourceTree = "<group>"; };
		0FE341551EAA0DD100122055 /* CXBaseTableViewController.h */ = {isa = PBXFileReference; fileEncoding = 4; lastKnownFileType = sourcecode.c.h; path = CXBaseTableViewController.h; sourceTree = "<group>"; };
		0FE341561EAA0DD100122055 /* CXBaseTableViewController.m */ = {isa = PBXFileReference; fileEncoding = 4; lastKnownFileType = sourcecode.c.objc; path = CXBaseTableViewController.m; sourceTree = "<group>"; };
		89932AF98856467ACCEDEF04 /* Pods-ZhengDemo.release.xcconfig */ = {isa = PBXFileReference; includeInIndex = 1; lastKnownFileType = text.xcconfig; name = "Pods-ZhengDemo.release.xcconfig"; path = "Pods/Target Support Files/Pods-ZhengDemo/Pods-ZhengDemo.release.xcconfig"; sourceTree = "<group>"; };
		A7FC1F32D68A56003A3F10B5 /* Pods-ZhengDemo.debug.xcconfig */ = {isa = PBXFileReference; includeInIndex = 1; lastKnownFileType = text.xcconfig; name = "Pods-ZhengDemo.debug.xcconfig"; path = "Pods/Target Support Files/Pods-ZhengDemo/Pods-ZhengDemo.debug.xcconfig"; sourceTree = "<group>"; };
		B3FF6459E8CDE79DCAA45794 /* libPods-ZhengDemo.a */ = {isa = PBXFileReference; explicitFileType = archive.ar; includeInIndex = 0; path = "libPods-ZhengDemo.a"; sourceTree = BUILT_PRODUCTS_DIR; };
/* End PBXFileReference section */

/* Begin PBXFrameworksBuildPhase section */
		0FE340771EA9A08D00122055 /* Frameworks */ = {
			isa = PBXFrameworksBuildPhase;
			buildActionMask = 2147483647;
			files = (
				0F90574F1EADAA95006A77C6 /* AVFoundation.framework in Frameworks */,
				0FE340D71EA9D3BE00122055 /* UIKit.framework in Frameworks */,
				37FB54BE81F6DC7269F5B124 /* libPods-ZhengDemo.a in Frameworks */,
			);
			runOnlyForDeploymentPostprocessing = 0;
		};
		0FE340901EA9A08D00122055 /* Frameworks */ = {
			isa = PBXFrameworksBuildPhase;
			buildActionMask = 2147483647;
			files = (
			);
			runOnlyForDeploymentPostprocessing = 0;
		};
		0FE3409B1EA9A08D00122055 /* Frameworks */ = {
			isa = PBXFrameworksBuildPhase;
			buildActionMask = 2147483647;
			files = (
			);
			runOnlyForDeploymentPostprocessing = 0;
		};
/* End PBXFrameworksBuildPhase section */

/* Begin PBXGroup section */
		0F9057501EADCD47006A77C6 /* Category */ = {
			isa = PBXGroup;
			children = (
				0F9057511EADCD47006A77C6 /* UIView+UIViewController.h */,
				0F9057521EADCD47006A77C6 /* UIView+UIViewController.m */,
				0F9057531EADCD47006A77C6 /* UIViewExt.h */,
				0F9057541EADCD47006A77C6 /* UIViewExt.m */,
			);
			path = Category;
			sourceTree = "<group>";
		};
		0FD789741EAAF91100574E64 /* SourceFile */ = {
			isa = PBXGroup;
			children = (
				0FD7897E1EAAFA9800574E64 /* ImageSets.xcassets */,
				0FD7896D1EAAF87900574E64 /* Info.plist */,
				0FD7896E1EAAF87900574E64 /* Launch Screen.storyboard */,
				0FD7896C1EAAF87900574E64 /* Constant.h */,
				0FD7896F1EAAF87900574E64 /* ZhengDemo.pch */,
			);
			name = SourceFile;
			sourceTree = "<group>";
		};
		0FD789801EAAFD8500574E64 /* Cuckoo */ = {
			isa = PBXGroup;
			children = (
				0FD789811EAAFD8500574E64 /* Home */,
			);
			name = Cuckoo;
			path = ../Cuckoo;
			sourceTree = "<group>";
		};
		0FD789811EAAFD8500574E64 /* Home */ = {
			isa = PBXGroup;
			children = (
				0FD789821EAAFD8500574E64 /* Controller */,
				0FD789831EAAFD8500574E64 /* Model */,
				0FD789841EAAFD8500574E64 /* View */,
			);
			path = Home;
			sourceTree = "<group>";
		};
		0FD789821EAAFD8500574E64 /* Controller */ = {
			isa = PBXGroup;
			children = (
				0FD789881EAAFE2A00574E64 /* CXCuckoNavigtionController.h */,
				0FD789891EAAFE2A00574E64 /* CXCuckoNavigtionController.m */,
				0FD789851EAAFDE300574E64 /* CXCuckooHomeViewController.h */,
				0FD789861EAAFDE300574E64 /* CXCuckooHomeViewController.m */,
			);
			path = Controller;
			sourceTree = "<group>";
		};
		0FD789831EAAFD8500574E64 /* Model */ = {
			isa = PBXGroup;
			children = (
			);
			path = Model;
			sourceTree = "<group>";
		};
		0FD789841EAAFD8500574E64 /* View */ = {
			isa = PBXGroup;
			children = (
				0FD7898B1EAB052800574E64 /* CXTimeActionView.h */,
				0FD7898C1EAB052800574E64 /* CXTimeActionView.m */,
			);
			path = View;
			sourceTree = "<group>";
		};
		0FE340711EA9A08C00122055 = {
			isa = PBXGroup;
			children = (
				0FE3407C1EA9A08D00122055 /* ZhengDemo */,
				0FE340961EA9A08D00122055 /* ZhengDemoTests */,
				0FE340A11EA9A08D00122055 /* ZhengDemoUITests */,
				0FE3407B1EA9A08D00122055 /* Products */,
				8EC194148AE8E5688AC8DABC /* Pods */,
				3428437A8485135A6C4C5234 /* Frameworks */,
			);
			sourceTree = "<group>";
		};
		0FE3407B1EA9A08D00122055 /* Products */ = {
			isa = PBXGroup;
			children = (
				0FE3407A1EA9A08D00122055 /* ZhengDemo.app */,
				0FE340931EA9A08D00122055 /* ZhengDemoTests.xctest */,
				0FE3409E1EA9A08D00122055 /* ZhengDemoUITests.xctest */,
			);
			name = Products;
			sourceTree = "<group>";
		};
		0FE3407C1EA9A08D00122055 /* ZhengDemo */ = {
			isa = PBXGroup;
			children = (
				0F90574C1EADAA39006A77C6 /* 薛之谦 - 演员.mp3 */,
				0FE340B01EA9A1D900122055 /* AppDelegate */,
				0FE340B71EA9A80100122055 /* Base */,
				0FE340E31EA9FA7400122055 /* Root */,
				0FE340BB1EA9A80100122055 /* Main */,
				0FE340D91EA9DC1400122055 /* LeftSliding */,
				0FE3407D1EA9A08D00122055 /* Supporting Files */,
				0FE340C81EA9BC8B00122055 /* Vendors */,
				0FD789741EAAF91100574E64 /* SourceFile */,
			);
			path = ZhengDemo;
			sourceTree = "<group>";
		};
		0FE3407D1EA9A08D00122055 /* Supporting Files */ = {
			isa = PBXGroup;
			children = (
				0FE3407E1EA9A08D00122055 /* main.m */,
			);
			name = "Supporting Files";
			sourceTree = "<group>";
		};
		0FE340961EA9A08D00122055 /* ZhengDemoTests */ = {
			isa = PBXGroup;
			children = (
				0FE340971EA9A08D00122055 /* ZhengDemoTests.m */,
				0FE340991EA9A08D00122055 /* Info.plist */,
			);
			path = ZhengDemoTests;
			sourceTree = "<group>";
		};
		0FE340A11EA9A08D00122055 /* ZhengDemoUITests */ = {
			isa = PBXGroup;
			children = (
				0FE340A21EA9A08D00122055 /* ZhengDemoUITests.m */,
				0FE340A41EA9A08D00122055 /* Info.plist */,
			);
			path = ZhengDemoUITests;
			sourceTree = "<group>";
		};
		0FE340B01EA9A1D900122055 /* AppDelegate */ = {
			isa = PBXGroup;
			children = (
				0FE340B11EA9A1D900122055 /* CXAppDelegate.h */,
				0FE340B21EA9A1D900122055 /* CXAppDelegate.m */,
			);
			path = AppDelegate;
			sourceTree = "<group>";
		};
		0FE340B71EA9A80100122055 /* Base */ = {
			isa = PBXGroup;
			children = (
				0FE340B81EA9A80100122055 /* Controller */,
				0FE340B91EA9A80100122055 /* Model */,
				0FE340BA1EA9A80100122055 /* View */,
			);
			path = Base;
			sourceTree = "<group>";
		};
		0FE340B81EA9A80100122055 /* Controller */ = {
			isa = PBXGroup;
			children = (
				0FE340D31EA9C91D00122055 /* CXBaseViewController.h */,
				0FE340D41EA9C91D00122055 /* CXBaseViewController.m */,
				0FE341551EAA0DD100122055 /* CXBaseTableViewController.h */,
				0FE341561EAA0DD100122055 /* CXBaseTableViewController.m */,
			);
			path = Controller;
			sourceTree = "<group>";
		};
		0FE340B91EA9A80100122055 /* Model */ = {
			isa = PBXGroup;
			children = (
			);
			path = Model;
			sourceTree = "<group>";
		};
		0FE340BA1EA9A80100122055 /* View */ = {
			isa = PBXGroup;
			children = (
			);
			path = View;
			sourceTree = "<group>";
		};
		0FE340BB1EA9A80100122055 /* Main */ = {
			isa = PBXGroup;
			children = (
				0FE340BC1EA9A80100122055 /* Controller */,
			);
			path = Main;
			sourceTree = "<group>";
		};
		0FE340BC1EA9A80100122055 /* Controller */ = {
			isa = PBXGroup;
			children = (
				0FE340BD1EA9A84000122055 /* CXMainTabBarController.h */,
				0FE340BE1EA9A84000122055 /* CXMainTabBarController.m */,
			);
			path = Controller;
			sourceTree = "<group>";
		};
		0FE340C81EA9BC8B00122055 /* Vendors */ = {
			isa = PBXGroup;
			children = (
				0F9057501EADCD47006A77C6 /* Category */,
				0FE340C91EA9BC8B00122055 /* NavItemTool */,
			);
			path = Vendors;
			sourceTree = "<group>";
		};
		0FE340C91EA9BC8B00122055 /* NavItemTool */ = {
			isa = PBXGroup;
			children = (
				0FE340CA1EA9BC8B00122055 /* NSString+Extent.h */,
				0FE340CB1EA9BC8B00122055 /* NSString+Extent.m */,
				0FE340CC1EA9BC8B00122055 /* UIView+RMAdditions.h */,
				0FE340CD1EA9BC8B00122055 /* UIView+RMAdditions.m */,
				0FE340CE1EA9BC8B00122055 /* UIViewController+YCCommon.h */,
				0FE340CF1EA9BC8B00122055 /* UIViewController+YCCommon.m */,
			);
			path = NavItemTool;
			sourceTree = "<group>";
		};
		0FE340D91EA9DC1400122055 /* LeftSliding */ = {
			isa = PBXGroup;
			children = (
				0FD789801EAAFD8500574E64 /* Cuckoo */,
				0FE340DA1EA9DC1400122055 /* Controller */,
				0FE340DB1EA9DC1400122055 /* Model */,
				0FE340DC1EA9DC1400122055 /* View */,
			);
			path = LeftSliding;
			sourceTree = "<group>";
		};
		0FE340DA1EA9DC1400122055 /* Controller */ = {
			isa = PBXGroup;
			children = (
				0FE340DD1EA9DC4400122055 /* CXLeftSlidingViewController.h */,
				0FE340DE1EA9DC4400122055 /* CXLeftSlidingViewController.m */,
			);
			path = Controller;
			sourceTree = "<group>";
		};
		0FE340DB1EA9DC1400122055 /* Model */ = {
			isa = PBXGroup;
			children = (
			);
			path = Model;
			sourceTree = "<group>";
		};
		0FE340DC1EA9DC1400122055 /* View */ = {
			isa = PBXGroup;
			children = (
			);
			path = View;
			sourceTree = "<group>";
		};
		0FE340E31EA9FA7400122055 /* Root */ = {
			isa = PBXGroup;
			children = (
				0FE340E41EA9FA7400122055 /* Controller */,
			);
			path = Root;
			sourceTree = "<group>";
		};
		0FE340E41EA9FA7400122055 /* Controller */ = {
			isa = PBXGroup;
			children = (
				0FE340E51EA9FA9000122055 /* CXRevealViewController.h */,
				0FE340E61EA9FA9000122055 /* CXRevealViewController.m */,
			);
			path = Controller;
			sourceTree = "<group>";
		};
		3428437A8485135A6C4C5234 /* Frameworks */ = {
			isa = PBXGroup;
			children = (
				0F90574E1EADAA95006A77C6 /* AVFoundation.framework */,
				0FE340D61EA9D3BE00122055 /* UIKit.framework */,
				B3FF6459E8CDE79DCAA45794 /* libPods-ZhengDemo.a */,
			);
			name = Frameworks;
			sourceTree = "<group>";
		};
		8EC194148AE8E5688AC8DABC /* Pods */ = {
			isa = PBXGroup;
			children = (
				A7FC1F32D68A56003A3F10B5 /* Pods-ZhengDemo.debug.xcconfig */,
				89932AF98856467ACCEDEF04 /* Pods-ZhengDemo.release.xcconfig */,
			);
			name = Pods;
			sourceTree = "<group>";
		};
/* End PBXGroup section */

/* Begin PBXNativeTarget section */
		0FE340791EA9A08D00122055 /* ZhengDemo */ = {
			isa = PBXNativeTarget;
			buildConfigurationList = 0FE340A71EA9A08D00122055 /* Build configuration list for PBXNativeTarget "ZhengDemo" */;
			buildPhases = (
				A2EB17CC3B85D2B345AF0B39 /* [CP] Check Pods Manifest.lock */,
				0FE340761EA9A08D00122055 /* Sources */,
				0FE340771EA9A08D00122055 /* Frameworks */,
				0FE340781EA9A08D00122055 /* Resources */,
				27D84553619E5EFFC5E9B51A /* [CP] Embed Pods Frameworks */,
				3B5304E66D17B6C6ACAF7CAD /* [CP] Copy Pods Resources */,
			);
			buildRules = (
			);
			dependencies = (
			);
			name = ZhengDemo;
			productName = ZhengDemo;
			productReference = 0FE3407A1EA9A08D00122055 /* ZhengDemo.app */;
			productType = "com.apple.product-type.application";
		};
		0FE340921EA9A08D00122055 /* ZhengDemoTests */ = {
			isa = PBXNativeTarget;
			buildConfigurationList = 0FE340AA1EA9A08D00122055 /* Build configuration list for PBXNativeTarget "ZhengDemoTests" */;
			buildPhases = (
				0FE3408F1EA9A08D00122055 /* Sources */,
				0FE340901EA9A08D00122055 /* Frameworks */,
				0FE340911EA9A08D00122055 /* Resources */,
			);
			buildRules = (
			);
			dependencies = (
				0FE340951EA9A08D00122055 /* PBXTargetDependency */,
			);
			name = ZhengDemoTests;
			productName = ZhengDemoTests;
			productReference = 0FE340931EA9A08D00122055 /* ZhengDemoTests.xctest */;
			productType = "com.apple.product-type.bundle.unit-test";
		};
		0FE3409D1EA9A08D00122055 /* ZhengDemoUITests */ = {
			isa = PBXNativeTarget;
			buildConfigurationList = 0FE340AD1EA9A08D00122055 /* Build configuration list for PBXNativeTarget "ZhengDemoUITests" */;
			buildPhases = (
				0FE3409A1EA9A08D00122055 /* Sources */,
				0FE3409B1EA9A08D00122055 /* Frameworks */,
				0FE3409C1EA9A08D00122055 /* Resources */,
			);
			buildRules = (
			);
			dependencies = (
				0FE340A01EA9A08D00122055 /* PBXTargetDependency */,
			);
			name = ZhengDemoUITests;
			productName = ZhengDemoUITests;
			productReference = 0FE3409E1EA9A08D00122055 /* ZhengDemoUITests.xctest */;
			productType = "com.apple.product-type.bundle.ui-testing";
		};
/* End PBXNativeTarget section */

/* Begin PBXProject section */
		0FE340721EA9A08D00122055 /* Project object */ = {
			isa = PBXProject;
			attributes = {
				LastUpgradeCheck = 0830;
				ORGANIZATIONNAME = Zheng;
				TargetAttributes = {
					0FE340791EA9A08D00122055 = {
						CreatedOnToolsVersion = 8.3;
						DevelopmentTeam = 7L37TQPJ9G;
						ProvisioningStyle = Automatic;
					};
					0FE340921EA9A08D00122055 = {
						CreatedOnToolsVersion = 8.3;
						ProvisioningStyle = Automatic;
						TestTargetID = 0FE340791EA9A08D00122055;
					};
					0FE3409D1EA9A08D00122055 = {
						CreatedOnToolsVersion = 8.3;
						ProvisioningStyle = Automatic;
						TestTargetID = 0FE340791EA9A08D00122055;
					};
				};
			};
			buildConfigurationList = 0FE340751EA9A08D00122055 /* Build configuration list for PBXProject "ZhengDemo" */;
			compatibilityVersion = "Xcode 3.2";
			developmentRegion = English;
			hasScannedForEncodings = 0;
			knownRegions = (
				en,
				Base,
			);
			mainGroup = 0FE340711EA9A08C00122055;
			productRefGroup = 0FE3407B1EA9A08D00122055 /* Products */;
			projectDirPath = "";
			projectRoot = "";
			targets = (
				0FE340791EA9A08D00122055 /* ZhengDemo */,
				0FE340921EA9A08D00122055 /* ZhengDemoTests */,
				0FE3409D1EA9A08D00122055 /* ZhengDemoUITests */,
			);
		};
/* End PBXProject section */

/* Begin PBXResourcesBuildPhase section */
		0FE340781EA9A08D00122055 /* Resources */ = {
			isa = PBXResourcesBuildPhase;
			buildActionMask = 2147483647;
			files = (
				0FD7897F1EAAFA9800574E64 /* ImageSets.xcassets in Resources */,
				0FD789711EAAF87900574E64 /* Launch Screen.storyboard in Resources */,
				0FD789701EAAF87900574E64 /* Info.plist in Resources */,
				0F90574D1EADAA39006A77C6 /* 薛之谦 - 演员.mp3 in Resources */,
			);
			runOnlyForDeploymentPostprocessing = 0;
		};
		0FE340911EA9A08D00122055 /* Resources */ = {
			isa = PBXResourcesBuildPhase;
			buildActionMask = 2147483647;
			files = (
			);
			runOnlyForDeploymentPostprocessing = 0;
		};
		0FE3409C1EA9A08D00122055 /* Resources */ = {
			isa = PBXResourcesBuildPhase;
			buildActionMask = 2147483647;
			files = (
			);
			runOnlyForDeploymentPostprocessing = 0;
		};
/* End PBXResourcesBuildPhase section */

/* Begin PBXShellScriptBuildPhase section */
		27D84553619E5EFFC5E9B51A /* [CP] Embed Pods Frameworks */ = {
			isa = PBXShellScriptBuildPhase;
			buildActionMask = 2147483647;
			files = (
			);
			inputPaths = (
			);
			name = "[CP] Embed Pods Frameworks";
			outputPaths = (
			);
			runOnlyForDeploymentPostprocessing = 0;
			shellPath = /bin/sh;
			shellScript = "\"${SRCROOT}/Pods/Target Support Files/Pods-ZhengDemo/Pods-ZhengDemo-frameworks.sh\"\n";
			showEnvVarsInLog = 0;
		};
		3B5304E66D17B6C6ACAF7CAD /* [CP] Copy Pods Resources */ = {
			isa = PBXShellScriptBuildPhase;
			buildActionMask = 2147483647;
			files = (
			);
			inputPaths = (
			);
			name = "[CP] Copy Pods Resources";
			outputPaths = (
			);
			runOnlyForDeploymentPostprocessing = 0;
			shellPath = /bin/sh;
			shellScript = "\"${SRCROOT}/Pods/Target Support Files/Pods-ZhengDemo/Pods-ZhengDemo-resources.sh\"\n";
			showEnvVarsInLog = 0;
		};
		A2EB17CC3B85D2B345AF0B39 /* [CP] Check Pods Manifest.lock */ = {
			isa = PBXShellScriptBuildPhase;
			buildActionMask = 2147483647;
			files = (
			);
			inputPaths = (
			);
			name = "[CP] Check Pods Manifest.lock";
			outputPaths = (
			);
			runOnlyForDeploymentPostprocessing = 0;
			shellPath = /bin/sh;
			shellScript = "diff \"${PODS_ROOT}/../Podfile.lock\" \"${PODS_ROOT}/Manifest.lock\" > /dev/null\nif [[ $? != 0 ]] ; then\n    cat << EOM\nerror: The sandbox is not in sync with the Podfile.lock. Run 'pod install' or update your CocoaPods installation.\nEOM\n    exit 1\nfi\n";
			showEnvVarsInLog = 0;
		};
/* End PBXShellScriptBuildPhase section */

/* Begin PBXSourcesBuildPhase section */
		0FE340761EA9A08D00122055 /* Sources */ = {
			isa = PBXSourcesBuildPhase;
			buildActionMask = 2147483647;
			files = (
				0FD789761EAAF95600574E64 /* main.m in Sources */,
				0FE340D51EA9C91D00122055 /* CXBaseViewController.m in Sources */,
				0FE341571EAA0DD100122055 /* CXBaseTableViewController.m in Sources */,
				0FE340E71EA9FA9000122055 /* CXRevealViewController.m in Sources */,
				0FE340D11EA9BC8B00122055 /* UIView+RMAdditions.m in Sources */,
				0F9057551EADCD47006A77C6 /* UIView+UIViewController.m in Sources */,
				0FE340B31EA9A1D900122055 /* CXAppDelegate.m in Sources */,
				0F9057561EADCD47006A77C6 /* UIViewExt.m in Sources */,
				0FD7898D1EAB052800574E64 /* CXTimeActionView.m in Sources */,
				0FD7898A1EAAFE2A00574E64 /* CXCuckoNavigtionController.m in Sources */,
				0FE340D21EA9BC8B00122055 /* UIViewController+YCCommon.m in Sources */,
				0FE340BF1EA9A84000122055 /* CXMainTabBarController.m in Sources */,
				0FE340D01EA9BC8B00122055 /* NSString+Extent.m in Sources */,
				0FE340DF1EA9DC4400122055 /* CXLeftSlidingViewController.m in Sources */,
				0FD789871EAAFDE300574E64 /* CXCuckooHomeViewController.m in Sources */,
			);
			runOnlyForDeploymentPostprocessing = 0;
		};
		0FE3408F1EA9A08D00122055 /* Sources */ = {
			isa = PBXSourcesBuildPhase;
			buildActionMask = 2147483647;
			files = (
				0FE340981EA9A08D00122055 /* ZhengDemoTests.m in Sources */,
			);
			runOnlyForDeploymentPostprocessing = 0;
		};
		0FE3409A1EA9A08D00122055 /* Sources */ = {
			isa = PBXSourcesBuildPhase;
			buildActionMask = 2147483647;
			files = (
				0FE340A31EA9A08D00122055 /* ZhengDemoUITests.m in Sources */,
			);
			runOnlyForDeploymentPostprocessing = 0;
		};
/* End PBXSourcesBuildPhase section */

/* Begin PBXTargetDependency section */
		0FE340951EA9A08D00122055 /* PBXTargetDependency */ = {
			isa = PBXTargetDependency;
			target = 0FE340791EA9A08D00122055 /* ZhengDemo */;
			targetProxy = 0FE340941EA9A08D00122055 /* PBXContainerItemProxy */;
		};
		0FE340A01EA9A08D00122055 /* PBXTargetDependency */ = {
			isa = PBXTargetDependency;
			target = 0FE340791EA9A08D00122055 /* ZhengDemo */;
			targetProxy = 0FE3409F1EA9A08D00122055 /* PBXContainerItemProxy */;
		};
/* End PBXTargetDependency section */

/* Begin XCBuildConfiguration section */
		0FE340A51EA9A08D00122055 /* Debug */ = {
			isa = XCBuildConfiguration;
			buildSettings = {
				ALWAYS_SEARCH_USER_PATHS = NO;
				CLANG_ANALYZER_NONNULL = YES;
				CLANG_ANALYZER_NUMBER_OBJECT_CONVERSION = YES_AGGRESSIVE;
				CLANG_CXX_LANGUAGE_STANDARD = "gnu++0x";
				CLANG_CXX_LIBRARY = "libc++";
				CLANG_ENABLE_MODULES = YES;
				CLANG_ENABLE_OBJC_ARC = YES;
				CLANG_WARN_BOOL_CONVERSION = YES;
				CLANG_WARN_CONSTANT_CONVERSION = YES;
				CLANG_WARN_DIRECT_OBJC_ISA_USAGE = YES_ERROR;
				CLANG_WARN_DOCUMENTATION_COMMENTS = YES;
				CLANG_WARN_EMPTY_BODY = YES;
				CLANG_WARN_ENUM_CONVERSION = YES;
				CLANG_WARN_INFINITE_RECURSION = YES;
				CLANG_WARN_INT_CONVERSION = YES;
				CLANG_WARN_OBJC_ROOT_CLASS = YES_ERROR;
				CLANG_WARN_SUSPICIOUS_MOVE = YES;
				CLANG_WARN_UNREACHABLE_CODE = YES;
				CLANG_WARN__DUPLICATE_METHOD_MATCH = YES;
				"CODE_SIGN_IDENTITY[sdk=iphoneos*]" = "iPhone Developer";
				COPY_PHASE_STRIP = NO;
				DEBUG_INFORMATION_FORMAT = dwarf;
				ENABLE_STRICT_OBJC_MSGSEND = YES;
				ENABLE_TESTABILITY = YES;
				GCC_C_LANGUAGE_STANDARD = gnu99;
				GCC_DYNAMIC_NO_PIC = NO;
				GCC_NO_COMMON_BLOCKS = YES;
				GCC_OPTIMIZATION_LEVEL = 0;
				GCC_PREPROCESSOR_DEFINITIONS = (
					"DEBUG=1",
					"$(inherited)",
				);
				GCC_WARN_64_TO_32_BIT_CONVERSION = YES;
				GCC_WARN_ABOUT_RETURN_TYPE = YES_ERROR;
				GCC_WARN_UNDECLARED_SELECTOR = YES;
				GCC_WARN_UNINITIALIZED_AUTOS = YES_AGGRESSIVE;
				GCC_WARN_UNUSED_FUNCTION = YES;
				GCC_WARN_UNUSED_VARIABLE = YES;
				IPHONEOS_DEPLOYMENT_TARGET = 10.3;
				MTL_ENABLE_DEBUG_INFO = YES;
				ONLY_ACTIVE_ARCH = YES;
				SDKROOT = iphoneos;
				TARGETED_DEVICE_FAMILY = "1,2";
			};
			name = Debug;
		};
		0FE340A61EA9A08D00122055 /* Release */ = {
			isa = XCBuildConfiguration;
			buildSettings = {
				ALWAYS_SEARCH_USER_PATHS = NO;
				CLANG_ANALYZER_NONNULL = YES;
				CLANG_ANALYZER_NUMBER_OBJECT_CONVERSION = YES_AGGRESSIVE;
				CLANG_CXX_LANGUAGE_STANDARD = "gnu++0x";
				CLANG_CXX_LIBRARY = "libc++";
				CLANG_ENABLE_MODULES = YES;
				CLANG_ENABLE_OBJC_ARC = YES;
				CLANG_WARN_BOOL_CONVERSION = YES;
				CLANG_WARN_CONSTANT_CONVERSION = YES;
				CLANG_WARN_DIRECT_OBJC_ISA_USAGE = YES_ERROR;
				CLANG_WARN_DOCUMENTATION_COMMENTS = YES;
				CLANG_WARN_EMPTY_BODY = YES;
				CLANG_WARN_ENUM_CONVERSION = YES;
				CLANG_WARN_INFINITE_RECURSION = YES;
				CLANG_WARN_INT_CONVERSION = YES;
				CLANG_WARN_OBJC_ROOT_CLASS = YES_ERROR;
				CLANG_WARN_SUSPICIOUS_MOVE = YES;
				CLANG_WARN_UNREACHABLE_CODE = YES;
				CLANG_WARN__DUPLICATE_METHOD_MATCH = YES;
				"CODE_SIGN_IDENTITY[sdk=iphoneos*]" = "iPhone Developer";
				COPY_PHASE_STRIP = NO;
				DEBUG_INFORMATION_FORMAT = "dwarf-with-dsym";
				ENABLE_NS_ASSERTIONS = NO;
				ENABLE_STRICT_OBJC_MSGSEND = YES;
				GCC_C_LANGUAGE_STANDARD = gnu99;
				GCC_NO_COMMON_BLOCKS = YES;
				GCC_WARN_64_TO_32_BIT_CONVERSION = YES;
				GCC_WARN_ABOUT_RETURN_TYPE = YES_ERROR;
				GCC_WARN_UNDECLARED_SELECTOR = YES;
				GCC_WARN_UNINITIALIZED_AUTOS = YES_AGGRESSIVE;
				GCC_WARN_UNUSED_FUNCTION = YES;
				GCC_WARN_UNUSED_VARIABLE = YES;
				IPHONEOS_DEPLOYMENT_TARGET = 10.3;
				MTL_ENABLE_DEBUG_INFO = NO;
				SDKROOT = iphoneos;
				TARGETED_DEVICE_FAMILY = "1,2";
				VALIDATE_PRODUCT = YES;
			};
			name = Release;
		};
		0FE340A81EA9A08D00122055 /* Debug */ = {
			isa = XCBuildConfiguration;
			baseConfigurationReference = A7FC1F32D68A56003A3F10B5 /* Pods-ZhengDemo.debug.xcconfig */;
			buildSettings = {
				ASSETCATALOG_COMPILER_APPICON_NAME = AppIcon;
				DEVELOPMENT_TEAM = 7L37TQPJ9G;
				GCC_PRECOMPILE_PREFIX_HEADER = YES;
				GCC_PREFIX_HEADER = "$(SRCROOT)/ZhengDemo/ZhengDemo.pch";
				HEADER_SEARCH_PATHS = (
					"$(inherited)",
					"\"${PODS_ROOT}/Headers/Public\"",
					"\"${PODS_ROOT}/Headers/Public/AFNetworking\"",
					"\"${PODS_ROOT}/Headers/Public/HexColors\"",
					"\"${PODS_ROOT}/Headers/Public/IQKeyboardManager\"",
					"\"${PODS_ROOT}/Headers/Public/MJExtension\"",
					"\"${PODS_ROOT}/Headers/Public/Masonry\"",
					"\"${PODS_ROOT}/Headers/Public/PKRevealController\"",
					"\"${PODS_ROOT}/Headers/Public/Realm\"",
					"\"${PODS_ROOT}/Headers/Public/SDWebImage\"",
					"\"${PODS_ROOT}/Headers/Public/TSMessages\"",
					"$(SRCROOT)/Zheng/Zheng",
				);
				INFOPLIST_FILE = ZhengDemo/Info.plist;
				IPHONEOS_DEPLOYMENT_TARGET = 8;
				LD_RUNPATH_SEARCH_PATHS = "$(inherited) @executable_path/Frameworks";
				PRODUCT_BUNDLE_IDENTIFIER = com.chengxuzheng.ZhengDemo;
				PRODUCT_NAME = "$(TARGET_NAME)";
			};
			name = Debug;
		};
		0FE340A91EA9A08D00122055 /* Release */ = {
			isa = XCBuildConfiguration;
			baseConfigurationReference = 89932AF98856467ACCEDEF04 /* Pods-ZhengDemo.release.xcconfig */;
			buildSettings = {
				ASSETCATALOG_COMPILER_APPICON_NAME = AppIcon;
				DEVELOPMENT_TEAM = 7L37TQPJ9G;
				GCC_PRECOMPILE_PREFIX_HEADER = YES;
				GCC_PREFIX_HEADER = "$(SRCROOT)/ZhengDemo/ZhengDemo.pch";
				HEADER_SEARCH_PATHS = (
					"$(inherited)",
					"\"${PODS_ROOT}/Headers/Public\"",
					"\"${PODS_ROOT}/Headers/Public/AFNetworking\"",
					"\"${PODS_ROOT}/Headers/Public/HexColors\"",
					"\"${PODS_ROOT}/Headers/Public/IQKeyboardManager\"",
					"\"${PODS_ROOT}/Headers/Public/MJExtension\"",
					"\"${PODS_ROOT}/Headers/Public/Masonry\"",
					"\"${PODS_ROOT}/Headers/Public/PKRevealController\"",
					"\"${PODS_ROOT}/Headers/Public/Realm\"",
					"\"${PODS_ROOT}/Headers/Public/SDWebImage\"",
					"\"${PODS_ROOT}/Headers/Public/TSMessages\"",
					"$(SRCROOT)/Zheng/Zheng",
				);
				INFOPLIST_FILE = ZhengDemo/Info.plist;
				IPHONEOS_DEPLOYMENT_TARGET = 8;
				LD_RUNPATH_SEARCH_PATHS = "$(inherited) @executable_path/Frameworks";
				PRODUCT_BUNDLE_IDENTIFIER = com.chengxuzheng.ZhengDemo;
				PRODUCT_NAME = "$(TARGET_NAME)";
			};
			name = Release;
		};
		0FE340AB1EA9A08D00122055 /* Debug */ = {
			isa = XCBuildConfiguration;
			buildSettings = {
				BUNDLE_LOADER = "$(TEST_HOST)";
				INFOPLIST_FILE = ZhengDemoTests/Info.plist;
				LD_RUNPATH_SEARCH_PATHS = "$(inherited) @executable_path/Frameworks @loader_path/Frameworks";
				PRODUCT_BUNDLE_IDENTIFIER = com.chengxuzheng.ZhengDemoTests;
				PRODUCT_NAME = "$(TARGET_NAME)";
				TEST_HOST = "$(BUILT_PRODUCTS_DIR)/ZhengDemo.app/ZhengDemo";
			};
			name = Debug;
		};
		0FE340AC1EA9A08D00122055 /* Release */ = {
			isa = XCBuildConfiguration;
			buildSettings = {
				BUNDLE_LOADER = "$(TEST_HOST)";
				INFOPLIST_FILE = ZhengDemoTests/Info.plist;
				LD_RUNPATH_SEARCH_PATHS = "$(inherited) @executable_path/Frameworks @loader_path/Frameworks";
				PRODUCT_BUNDLE_IDENTIFIER = com.chengxuzheng.ZhengDemoTests;
				PRODUCT_NAME = "$(TARGET_NAME)";
				TEST_HOST = "$(BUILT_PRODUCTS_DIR)/ZhengDemo.app/ZhengDemo";
			};
			name = Release;
		};
		0FE340AE1EA9A08D00122055 /* Debug */ = {
			isa = XCBuildConfiguration;
			buildSettings = {
				INFOPLIST_FILE = ZhengDemoUITests/Info.plist;
				LD_RUNPATH_SEARCH_PATHS = "$(inherited) @executable_path/Frameworks @loader_path/Frameworks";
				PRODUCT_BUNDLE_IDENTIFIER = com.chengxuzheng.ZhengDemoUITests;
				PRODUCT_NAME = "$(TARGET_NAME)";
				TEST_TARGET_NAME = ZhengDemo;
			};
			name = Debug;
		};
		0FE340AF1EA9A08D00122055 /* Release */ = {
			isa = XCBuildConfiguration;
			buildSettings = {
				INFOPLIST_FILE = ZhengDemoUITests/Info.plist;
				LD_RUNPATH_SEARCH_PATHS = "$(inherited) @executable_path/Frameworks @loader_path/Frameworks";
				PRODUCT_BUNDLE_IDENTIFIER = com.chengxuzheng.ZhengDemoUITests;
				PRODUCT_NAME = "$(TARGET_NAME)";
				TEST_TARGET_NAME = ZhengDemo;
			};
			name = Release;
		};
/* End XCBuildConfiguration section */

/* Begin XCConfigurationList section */
		0FE340751EA9A08D00122055 /* Build configuration list for PBXProject "ZhengDemo" */ = {
			isa = XCConfigurationList;
			buildConfigurations = (
				0FE340A51EA9A08D00122055 /* Debug */,
				0FE340A61EA9A08D00122055 /* Release */,
			);
			defaultConfigurationIsVisible = 0;
			defaultConfigurationName = Release;
		};
		0FE340A71EA9A08D00122055 /* Build configuration list for PBXNativeTarget "ZhengDemo" */ = {
			isa = XCConfigurationList;
			buildConfigurations = (
				0FE340A81EA9A08D00122055 /* Debug */,
				0FE340A91EA9A08D00122055 /* Release */,
			);
			defaultConfigurationIsVisible = 0;
			defaultConfigurationName = Release;
		};
		0FE340AA1EA9A08D00122055 /* Build configuration list for PBXNativeTarget "ZhengDemoTests" */ = {
			isa = XCConfigurationList;
			buildConfigurations = (
				0FE340AB1EA9A08D00122055 /* Debug */,
				0FE340AC1EA9A08D00122055 /* Release */,
			);
			defaultConfigurationIsVisible = 0;
			defaultConfigurationName = Release;
		};
		0FE340AD1EA9A08D00122055 /* Build configuration list for PBXNativeTarget "ZhengDemoUITests" */ = {
			isa = XCConfigurationList;
			buildConfigurations = (
				0FE340AE1EA9A08D00122055 /* Debug */,
				0FE340AF1EA9A08D00122055 /* Release */,
			);
			defaultConfigurationIsVisible = 0;
			defaultConfigurationName = Release;
		};
/* End XCConfigurationList section */
	};
	rootObject = 0FE340721EA9A08D00122055 /* Project object */;
}
